// !$*UTF8*$!
{
	archiveVersion = 1;
	classes = {
	};
	objectVersion = 46;
	objects = {

/* Begin PBXBuildFile section */
		3211F37C1A348B76000E8CE9 /* GameOverWindow.swift in Sources */ = {isa = PBXBuildFile; fileRef = 3211F37B1A348B76000E8CE9 /* GameOverWindow.swift */; };
		3211F37F1A348BD7000E8CE9 /* Protocols.swift in Sources */ = {isa = PBXBuildFile; fileRef = 3211F37E1A348BD7000E8CE9 /* Protocols.swift */; };
		3211F3811A348EA8000E8CE9 /* GameOverController.swift in Sources */ = {isa = PBXBuildFile; fileRef = 3211F3801A348EA8000E8CE9 /* GameOverController.swift */; };
		3211F3841A348ED2000E8CE9 /* Utils.swift in Sources */ = {isa = PBXBuildFile; fileRef = 3211F3831A348ED2000E8CE9 /* Utils.swift */; };
		3211F3881A349FDF000E8CE9 /* Settings.swift in Sources */ = {isa = PBXBuildFile; fileRef = 3211F3871A349FDF000E8CE9 /* Settings.swift */; };
		3211F38A1A349FF7000E8CE9 /* GameOverSettings.swift in Sources */ = {isa = PBXBuildFile; fileRef = 3211F3891A349FF7000E8CE9 /* GameOverSettings.swift */; };
		322318F71A2BCDE6009566CD /* ScoreManager.swift in Sources */ = {isa = PBXBuildFile; fileRef = 322318F61A2BCDE6009566CD /* ScoreManager.swift */; };
		32334B7319D9EFA800413DC9 /* MainViewController.swift in Sources */ = {isa = PBXBuildFile; fileRef = 32334B7219D9EFA800413DC9 /* MainViewController.swift */; };
		3280A6EF1A27963100BD639D /* restartBtn.png in Resources */ = {isa = PBXBuildFile; fileRef = 3280A6ED1A27963100BD639D /* restartBtn.png */; };
		3280A6F01A27963100BD639D /* backBtn.png in Resources */ = {isa = PBXBuildFile; fileRef = 3280A6EE1A27963100BD639D /* backBtn.png */; };
		3280A6F21A27CB3000BD639D /* ITCKRIST.TTF in Resources */ = {isa = PBXBuildFile; fileRef = 3280A6F11A27CB3000BD639D /* ITCKRIST.TTF */; };
		3285735F19EE8E5B00A00092 /* PlayerData.swift in Sources */ = {isa = PBXBuildFile; fileRef = 3285735E19EE8E5B00A00092 /* PlayerData.swift */; };
		3285736319EEE22F00A00092 /* InfoPanelView.swift in Sources */ = {isa = PBXBuildFile; fileRef = 3285736219EEE22F00A00092 /* InfoPanelView.swift */; };
		3285736519EEEB5300A00092 /* GameBalance.swift in Sources */ = {isa = PBXBuildFile; fileRef = 3285736419EEEB5300A00092 /* GameBalance.swift */; };
		32C0D2EC1A2BA85800460F12 /* LevelProvider.swift in Sources */ = {isa = PBXBuildFile; fileRef = 32C0D2EB1A2BA85800460F12 /* LevelProvider.swift */; };
		32C0D2EE1A2BA91300460F12 /* LevelVO.swift in Sources */ = {isa = PBXBuildFile; fileRef = 32C0D2ED1A2BA91300460F12 /* LevelVO.swift */; };
		32C0D2F71A2BB05400460F12 /* 1.json in Resources */ = {isa = PBXBuildFile; fileRef = 32C0D2F01A2BB05400460F12 /* 1.json */; };
		32C0D2F81A2BB05400460F12 /* 2.json in Resources */ = {isa = PBXBuildFile; fileRef = 32C0D2F11A2BB05400460F12 /* 2.json */; };
		32C0D2F91A2BB05400460F12 /* 3.json in Resources */ = {isa = PBXBuildFile; fileRef = 32C0D2F21A2BB05400460F12 /* 3.json */; };
		32C0D2FA1A2BB05400460F12 /* 4.json in Resources */ = {isa = PBXBuildFile; fileRef = 32C0D2F31A2BB05400460F12 /* 4.json */; };
		32C0D2FB1A2BB05400460F12 /* 5.json in Resources */ = {isa = PBXBuildFile; fileRef = 32C0D2F41A2BB05400460F12 /* 5.json */; };
		32C0D2FC1A2BB05400460F12 /* 6.json in Resources */ = {isa = PBXBuildFile; fileRef = 32C0D2F51A2BB05400460F12 /* 6.json */; };
		32C0D2FD1A2BB05400460F12 /* 7.json in Resources */ = {isa = PBXBuildFile; fileRef = 32C0D2F61A2BB05400460F12 /* 7.json */; };
		32C83A891A227BDF0001D3B5 /* TCMI____.TTF in Resources */ = {isa = PBXBuildFile; fileRef = 32C83A821A227BDF0001D3B5 /* TCMI____.TTF */; };
		32C83A8A1A227BDF0001D3B5 /* TCM_____.TTF in Resources */ = {isa = PBXBuildFile; fileRef = 32C83A831A227BDF0001D3B5 /* TCM_____.TTF */; };
		32C83A8B1A227BDF0001D3B5 /* TCCM____.TTF in Resources */ = {isa = PBXBuildFile; fileRef = 32C83A841A227BDF0001D3B5 /* TCCM____.TTF */; };
		32C83A8C1A227BDF0001D3B5 /* TCCEB.TTF in Resources */ = {isa = PBXBuildFile; fileRef = 32C83A851A227BDF0001D3B5 /* TCCEB.TTF */; };
		32C83A8D1A227BDF0001D3B5 /* TCCB____.TTF in Resources */ = {isa = PBXBuildFile; fileRef = 32C83A861A227BDF0001D3B5 /* TCCB____.TTF */; };
		32C83A8E1A227BDF0001D3B5 /* TCBI____.TTF in Resources */ = {isa = PBXBuildFile; fileRef = 32C83A871A227BDF0001D3B5 /* TCBI____.TTF */; };
		32C83A8F1A227BDF0001D3B5 /* TCB_____.TTF in Resources */ = {isa = PBXBuildFile; fileRef = 32C83A881A227BDF0001D3B5 /* TCB_____.TTF */; };
		32DA8D9919E2F8C700D6968F /* Colors.swift in Sources */ = {isa = PBXBuildFile; fileRef = 32DA8D9819E2F8C700D6968F /* Colors.swift */; };
		32EF771219D08636006707A5 /* AppDelegate.swift in Sources */ = {isa = PBXBuildFile; fileRef = 32EF771119D08636006707A5 /* AppDelegate.swift */; };
		32EF771419D08636006707A5 /* ViewController.swift in Sources */ = {isa = PBXBuildFile; fileRef = 32EF771319D08636006707A5 /* ViewController.swift */; };
		32EF771719D08636006707A5 /* Main.storyboard in Resources */ = {isa = PBXBuildFile; fileRef = 32EF771519D08636006707A5 /* Main.storyboard */; };
		32EF771919D08636006707A5 /* Images.xcassets in Resources */ = {isa = PBXBuildFile; fileRef = 32EF771819D08636006707A5 /* Images.xcassets */; };
		32EF771C19D08636006707A5 /* LaunchScreen.xib in Resources */ = {isa = PBXBuildFile; fileRef = 32EF771A19D08636006707A5 /* LaunchScreen.xib */; };
		32EF772819D08636006707A5 /* guessTheRectTests.swift in Sources */ = {isa = PBXBuildFile; fileRef = 32EF772719D08636006707A5 /* guessTheRectTests.swift */; };
		32EF773219D143F4006707A5 /* Box.swift in Sources */ = {isa = PBXBuildFile; fileRef = 32EF773119D143F4006707A5 /* Box.swift */; };
		32FAF1971A2F994A00996152 /* help_1.png in Resources */ = {isa = PBXBuildFile; fileRef = 32FAF1941A2F994A00996152 /* help_1.png */; };
		32FAF1981A2F994A00996152 /* help_2.png in Resources */ = {isa = PBXBuildFile; fileRef = 32FAF1951A2F994A00996152 /* help_2.png */; };
		32FAF1991A2F994A00996152 /* help_3.png in Resources */ = {isa = PBXBuildFile; fileRef = 32FAF1961A2F994A00996152 /* help_3.png */; };
		32FAF19C1A2FA4AF00996152 /* TutorWindow.swift in Sources */ = {isa = PBXBuildFile; fileRef = 32FAF19B1A2FA4AF00996152 /* TutorWindow.swift */; };
		32FAF19E1A2FA4C200996152 /* TutorController.swift in Sources */ = {isa = PBXBuildFile; fileRef = 32FAF19D1A2FA4C200996152 /* TutorController.swift */; };
/* End PBXBuildFile section */

/* Begin PBXContainerItemProxy section */
		32EF772219D08636006707A5 /* PBXContainerItemProxy */ = {
			isa = PBXContainerItemProxy;
			containerPortal = 32EF770419D08636006707A5 /* Project object */;
			proxyType = 1;
			remoteGlobalIDString = 32EF770B19D08636006707A5;
			remoteInfo = guessTheRect;
		};
/* End PBXContainerItemProxy section */

/* Begin PBXFileReference section */
		3211F37B1A348B76000E8CE9 /* GameOverWindow.swift */ = {isa = PBXFileReference; fileEncoding = 4; lastKnownFileType = sourcecode.swift; name = GameOverWindow.swift; path = gameover/GameOverWindow.swift; sourceTree = "<group>"; };
		3211F37E1A348BD7000E8CE9 /* Protocols.swift */ = {isa = PBXFileReference; fileEncoding = 4; lastKnownFileType = sourcecode.swift; name = Protocols.swift; path = protocol/Protocols.swift; sourceTree = "<group>"; };
		3211F3801A348EA8000E8CE9 /* GameOverController.swift */ = {isa = PBXFileReference; fileEncoding = 4; lastKnownFileType = sourcecode.swift; name = GameOverController.swift; path = gameover/GameOverController.swift; sourceTree = "<group>"; };
		3211F3831A348ED2000E8CE9 /* Utils.swift */ = {isa = PBXFileReference; fileEncoding = 4; lastKnownFileType = sourcecode.swift; name = Utils.swift; path = utils/Utils.swift; sourceTree = "<group>"; };
		3211F3871A349FDF000E8CE9 /* Settings.swift */ = {isa = PBXFileReference; fileEncoding = 4; lastKnownFileType = sourcecode.swift; path = Settings.swift; sourceTree = "<group>"; };
		3211F3891A349FF7000E8CE9 /* GameOverSettings.swift */ = {isa = PBXFileReference; fileEncoding = 4; lastKnownFileType = sourcecode.swift; path = GameOverSettings.swift; sourceTree = "<group>"; };
		322318F61A2BCDE6009566CD /* ScoreManager.swift */ = {isa = PBXFileReference; fileEncoding = 4; lastKnownFileType = sourcecode.swift; path = ScoreManager.swift; sourceTree = "<group>"; };
		32334B7219D9EFA800413DC9 /* MainViewController.swift */ = {isa = PBXFileReference; fileEncoding = 4; lastKnownFileType = sourcecode.swift; path = MainViewController.swift; sourceTree = "<group>"; };
		3280A6ED1A27963100BD639D /* restartBtn.png */ = {isa = PBXFileReference; lastKnownFileType = image.png; path = restartBtn.png; sourceTree = "<group>"; };
		3280A6EE1A27963100BD639D /* backBtn.png */ = {isa = PBXFileReference; lastKnownFileType = image.png; path = backBtn.png; sourceTree = "<group>"; };
		3280A6F11A27CB3000BD639D /* ITCKRIST.TTF */ = {isa = PBXFileReference; lastKnownFileType = file; path = ITCKRIST.TTF; sourceTree = "<group>"; };
		3285735E19EE8E5B00A00092 /* PlayerData.swift */ = {isa = PBXFileReference; fileEncoding = 4; lastKnownFileType = sourcecode.swift; path = PlayerData.swift; sourceTree = "<group>"; };
		3285736219EEE22F00A00092 /* InfoPanelView.swift */ = {isa = PBXFileReference; fileEncoding = 4; lastKnownFileType = sourcecode.swift; path = InfoPanelView.swift; sourceTree = "<group>"; };
		3285736419EEEB5300A00092 /* GameBalance.swift */ = {isa = PBXFileReference; fileEncoding = 4; lastKnownFileType = sourcecode.swift; path = GameBalance.swift; sourceTree = "<group>"; };
		32C0D2EB1A2BA85800460F12 /* LevelProvider.swift */ = {isa = PBXFileReference; fileEncoding = 4; lastKnownFileType = sourcecode.swift; path = LevelProvider.swift; sourceTree = "<group>"; };
		32C0D2ED1A2BA91300460F12 /* LevelVO.swift */ = {isa = PBXFileReference; fileEncoding = 4; lastKnownFileType = sourcecode.swift; path = LevelVO.swift; sourceTree = "<group>"; };
		32C0D2F01A2BB05400460F12 /* 1.json */ = {isa = PBXFileReference; fileEncoding = 4; lastKnownFileType = text.json; path = 1.json; sourceTree = "<group>"; };
		32C0D2F11A2BB05400460F12 /* 2.json */ = {isa = PBXFileReference; fileEncoding = 4; lastKnownFileType = text.json; path = 2.json; sourceTree = "<group>"; };
		32C0D2F21A2BB05400460F12 /* 3.json */ = {isa = PBXFileReference; fileEncoding = 4; lastKnownFileType = text.json; path = 3.json; sourceTree = "<group>"; };
		32C0D2F31A2BB05400460F12 /* 4.json */ = {isa = PBXFileReference; fileEncoding = 4; lastKnownFileType = text.json; path = 4.json; sourceTree = "<group>"; };
		32C0D2F41A2BB05400460F12 /* 5.json */ = {isa = PBXFileReference; fileEncoding = 4; lastKnownFileType = text.json; path = 5.json; sourceTree = "<group>"; };
		32C0D2F51A2BB05400460F12 /* 6.json */ = {isa = PBXFileReference; fileEncoding = 4; lastKnownFileType = text.json; path = 6.json; sourceTree = "<group>"; };
		32C0D2F61A2BB05400460F12 /* 7.json */ = {isa = PBXFileReference; fileEncoding = 4; lastKnownFileType = text.json; path = 7.json; sourceTree = "<group>"; };
		32C83A821A227BDF0001D3B5 /* TCMI____.TTF */ = {isa = PBXFileReference; lastKnownFileType = file; path = "TCMI____.TTF"; sourceTree = "<group>"; };
		32C83A831A227BDF0001D3B5 /* TCM_____.TTF */ = {isa = PBXFileReference; lastKnownFileType = file; path = "TCM_____.TTF"; sourceTree = "<group>"; };
		32C83A841A227BDF0001D3B5 /* TCCM____.TTF */ = {isa = PBXFileReference; lastKnownFileType = file; path = "TCCM____.TTF"; sourceTree = "<group>"; };
		32C83A851A227BDF0001D3B5 /* TCCEB.TTF */ = {isa = PBXFileReference; lastKnownFileType = file; path = TCCEB.TTF; sourceTree = "<group>"; };
		32C83A861A227BDF0001D3B5 /* TCCB____.TTF */ = {isa = PBXFileReference; lastKnownFileType = file; path = "TCCB____.TTF"; sourceTree = "<group>"; };
		32C83A871A227BDF0001D3B5 /* TCBI____.TTF */ = {isa = PBXFileReference; lastKnownFileType = file; path = "TCBI____.TTF"; sourceTree = "<group>"; };
		32C83A881A227BDF0001D3B5 /* TCB_____.TTF */ = {isa = PBXFileReference; lastKnownFileType = file; path = "TCB_____.TTF"; sourceTree = "<group>"; };
		32DA8D9819E2F8C700D6968F /* Colors.swift */ = {isa = PBXFileReference; fileEncoding = 4; lastKnownFileType = sourcecode.swift; path = Colors.swift; sourceTree = "<group>"; };
		32EF770C19D08636006707A5 /* guessTheRect.app */ = {isa = PBXFileReference; explicitFileType = wrapper.application; includeInIndex = 0; path = guessTheRect.app; sourceTree = BUILT_PRODUCTS_DIR; };
		32EF771019D08636006707A5 /* Info.plist */ = {isa = PBXFileReference; lastKnownFileType = text.plist.xml; path = Info.plist; sourceTree = "<group>"; };
		32EF771119D08636006707A5 /* AppDelegate.swift */ = {isa = PBXFileReference; lastKnownFileType = sourcecode.swift; path = AppDelegate.swift; sourceTree = "<group>"; };
		32EF771319D08636006707A5 /* ViewController.swift */ = {isa = PBXFileReference; lastKnownFileType = sourcecode.swift; path = ViewController.swift; sourceTree = "<group>"; };
		32EF771619D08636006707A5 /* Base */ = {isa = PBXFileReference; lastKnownFileType = file.storyboard; name = Base; path = Base.lproj/Main.storyboard; sourceTree = "<group>"; };
		32EF771819D08636006707A5 /* Images.xcassets */ = {isa = PBXFileReference; lastKnownFileType = folder.assetcatalog; path = Images.xcassets; sourceTree = "<group>"; };
		32EF771B19D08636006707A5 /* Base */ = {isa = PBXFileReference; lastKnownFileType = file.xib; name = Base; path = Base.lproj/LaunchScreen.xib; sourceTree = "<group>"; };
		32EF772119D08636006707A5 /* guessTheRectTests.xctest */ = {isa = PBXFileReference; explicitFileType = wrapper.cfbundle; includeInIndex = 0; path = guessTheRectTests.xctest; sourceTree = BUILT_PRODUCTS_DIR; };
		32EF772619D08636006707A5 /* Info.plist */ = {isa = PBXFileReference; lastKnownFileType = text.plist.xml; path = Info.plist; sourceTree = "<group>"; };
		32EF772719D08636006707A5 /* guessTheRectTests.swift */ = {isa = PBXFileReference; lastKnownFileType = sourcecode.swift; path = guessTheRectTests.swift; sourceTree = "<group>"; };
		32EF773119D143F4006707A5 /* Box.swift */ = {isa = PBXFileReference; fileEncoding = 4; lastKnownFileType = sourcecode.swift; path = Box.swift; sourceTree = "<group>"; };
		32FAF1941A2F994A00996152 /* help_1.png */ = {isa = PBXFileReference; lastKnownFileType = image.png; path = help_1.png; sourceTree = "<group>"; };
		32FAF1951A2F994A00996152 /* help_2.png */ = {isa = PBXFileReference; lastKnownFileType = image.png; path = help_2.png; sourceTree = "<group>"; };
		32FAF1961A2F994A00996152 /* help_3.png */ = {isa = PBXFileReference; lastKnownFileType = image.png; path = help_3.png; sourceTree = "<group>"; };
		32FAF19B1A2FA4AF00996152 /* TutorWindow.swift */ = {isa = PBXFileReference; fileEncoding = 4; lastKnownFileType = sourcecode.swift; name = TutorWindow.swift; path = tutor/TutorWindow.swift; sourceTree = "<group>"; };
		32FAF19D1A2FA4C200996152 /* TutorController.swift */ = {isa = PBXFileReference; fileEncoding = 4; lastKnownFileType = sourcecode.swift; name = TutorController.swift; path = tutor/TutorController.swift; sourceTree = "<group>"; };
/* End PBXFileReference section */

/* Begin PBXFrameworksBuildPhase section */
		32EF770919D08636006707A5 /* Frameworks */ = {
			isa = PBXFrameworksBuildPhase;
			buildActionMask = 2147483647;
			files = (
			);
			runOnlyForDeploymentPostprocessing = 0;
		};
		32EF771E19D08636006707A5 /* Frameworks */ = {
			isa = PBXFrameworksBuildPhase;
			buildActionMask = 2147483647;
			files = (
			);
			runOnlyForDeploymentPostprocessing = 0;
		};
/* End PBXFrameworksBuildPhase section */

/* Begin PBXGroup section */
		3211F37A1A348B50000E8CE9 /* gameover */ = {
			isa = PBXGroup;
			children = (
				3211F37B1A348B76000E8CE9 /* GameOverWindow.swift */,
				3211F3801A348EA8000E8CE9 /* GameOverController.swift */,
			);
			name = gameover;
			sourceTree = "<group>";
		};
		3211F37D1A348BB4000E8CE9 /* protocol */ = {
			isa = PBXGroup;
			children = (
				3211F37E1A348BD7000E8CE9 /* Protocols.swift */,
			);
			name = protocol;
			sourceTree = "<group>";
		};
		3211F3821A348EBD000E8CE9 /* utils */ = {
			isa = PBXGroup;
			children = (
				3211F3831A348ED2000E8CE9 /* Utils.swift */,
			);
			name = utils;
			sourceTree = "<group>";
		};
		3211F3861A349FDF000E8CE9 /* settings */ = {
			isa = PBXGroup;
			children = (
				3211F3871A349FDF000E8CE9 /* Settings.swift */,
				3211F3891A349FF7000E8CE9 /* GameOverSettings.swift */,
			);
			path = settings;
			sourceTree = "<group>";
		};
		32C027F819F52BFA001B1A96 /* Resources */ = {
			isa = PBXGroup;
			children = (
				32FAF1931A2F994A00996152 /* tutor */,
				32C0D2EF1A2BB05400460F12 /* levelsInfo */,
				3280A6ED1A27963100BD639D /* restartBtn.png */,
				3280A6EE1A27963100BD639D /* backBtn.png */,
				32C027F919F52BFA001B1A96 /* fonts */,
			);
			path = Resources;
			sourceTree = "<group>";
		};
		32C027F919F52BFA001B1A96 /* fonts */ = {
			isa = PBXGroup;
			children = (
				3280A6F11A27CB3000BD639D /* ITCKRIST.TTF */,
				32C83A821A227BDF0001D3B5 /* TCMI____.TTF */,
				32C83A831A227BDF0001D3B5 /* TCM_____.TTF */,
				32C83A841A227BDF0001D3B5 /* TCCM____.TTF */,
				32C83A851A227BDF0001D3B5 /* TCCEB.TTF */,
				32C83A861A227BDF0001D3B5 /* TCCB____.TTF */,
				32C83A871A227BDF0001D3B5 /* TCBI____.TTF */,
				32C83A881A227BDF0001D3B5 /* TCB_____.TTF */,
			);
			path = fonts;
			sourceTree = "<group>";
		};
		32C0D2EF1A2BB05400460F12 /* levelsInfo */ = {
			isa = PBXGroup;
			children = (
				32C0D2F01A2BB05400460F12 /* 1.json */,
				32C0D2F11A2BB05400460F12 /* 2.json */,
				32C0D2F21A2BB05400460F12 /* 3.json */,
				32C0D2F31A2BB05400460F12 /* 4.json */,
				32C0D2F41A2BB05400460F12 /* 5.json */,
				32C0D2F51A2BB05400460F12 /* 6.json */,
				32C0D2F61A2BB05400460F12 /* 7.json */,
			);
			path = levelsInfo;
			sourceTree = "<group>";
		};
		32EF770319D08636006707A5 = {
			isa = PBXGroup;
			children = (
				32EF770E19D08636006707A5 /* guessTheRect */,
				32EF772419D08636006707A5 /* guessTheRectTests */,
				32EF770D19D08636006707A5 /* Products */,
			);
			sourceTree = "<group>";
		};
		32EF770D19D08636006707A5 /* Products */ = {
			isa = PBXGroup;
			children = (
				32EF770C19D08636006707A5 /* guessTheRect.app */,
				32EF772119D08636006707A5 /* guessTheRectTests.xctest */,
			);
			name = Products;
			sourceTree = "<group>";
		};
		32EF770E19D08636006707A5 /* guessTheRect */ = {
			isa = PBXGroup;
			children = (
				3211F3861A349FDF000E8CE9 /* settings */,
				3211F3821A348EBD000E8CE9 /* utils */,
				3211F37D1A348BB4000E8CE9 /* protocol */,
				3211F37A1A348B50000E8CE9 /* gameover */,
				32FAF19A1A2FA48D00996152 /* tutor */,
				32EF771119D08636006707A5 /* AppDelegate.swift */,
				3285735E19EE8E5B00A00092 /* PlayerData.swift */,
				32EF771319D08636006707A5 /* ViewController.swift */,
				32EF773119D143F4006707A5 /* Box.swift */,
				32334B7219D9EFA800413DC9 /* MainViewController.swift */,
				32DA8D9819E2F8C700D6968F /* Colors.swift */,
				3285736219EEE22F00A00092 /* InfoPanelView.swift */,
				3285736419EEEB5300A00092 /* GameBalance.swift */,
				32C0D2EB1A2BA85800460F12 /* LevelProvider.swift */,
				32C0D2ED1A2BA91300460F12 /* LevelVO.swift */,
				322318F61A2BCDE6009566CD /* ScoreManager.swift */,
				32EF771519D08636006707A5 /* Main.storyboard */,
				32EF771819D08636006707A5 /* Images.xcassets */,
				32EF771A19D08636006707A5 /* LaunchScreen.xib */,
				32C027F819F52BFA001B1A96 /* Resources */,
				32EF770F19D08636006707A5 /* Supporting Files */,
			);
			path = guessTheRect;
			sourceTree = "<group>";
		};
		32EF770F19D08636006707A5 /* Supporting Files */ = {
			isa = PBXGroup;
			children = (
				32EF771019D08636006707A5 /* Info.plist */,
			);
			name = "Supporting Files";
			sourceTree = "<group>";
		};
		32EF772419D08636006707A5 /* guessTheRectTests */ = {
			isa = PBXGroup;
			children = (
				32EF772719D08636006707A5 /* guessTheRectTests.swift */,
				32EF772519D08636006707A5 /* Supporting Files */,
			);
			path = guessTheRectTests;
			sourceTree = "<group>";
		};
		32EF772519D08636006707A5 /* Supporting Files */ = {
			isa = PBXGroup;
			children = (
				32EF772619D08636006707A5 /* Info.plist */,
			);
			name = "Supporting Files";
			sourceTree = "<group>";
		};
		32FAF1931A2F994A00996152 /* tutor */ = {
			isa = PBXGroup;
			children = (
				32FAF1941A2F994A00996152 /* help_1.png */,
				32FAF1951A2F994A00996152 /* help_2.png */,
				32FAF1961A2F994A00996152 /* help_3.png */,
			);
			path = tutor;
			sourceTree = "<group>";
		};
		32FAF19A1A2FA48D00996152 /* tutor */ = {
			isa = PBXGroup;
			children = (
				32FAF19B1A2FA4AF00996152 /* TutorWindow.swift */,
				32FAF19D1A2FA4C200996152 /* TutorController.swift */,
			);
			name = tutor;
			sourceTree = "<group>";
		};
/* End PBXGroup section */

/* Begin PBXNativeTarget section */
		32EF770B19D08636006707A5 /* guessTheRect */ = {
			isa = PBXNativeTarget;
			buildConfigurationList = 32EF772B19D08636006707A5 /* Build configuration list for PBXNativeTarget "guessTheRect" */;
			buildPhases = (
				32EF770819D08636006707A5 /* Sources */,
				32EF770919D08636006707A5 /* Frameworks */,
				32EF770A19D08636006707A5 /* Resources */,
			);
			buildRules = (
			);
			dependencies = (
			);
			name = guessTheRect;
			productName = guessTheRect;
			productReference = 32EF770C19D08636006707A5 /* guessTheRect.app */;
			productType = "com.apple.product-type.application";
		};
		32EF772019D08636006707A5 /* guessTheRectTests */ = {
			isa = PBXNativeTarget;
			buildConfigurationList = 32EF772E19D08636006707A5 /* Build configuration list for PBXNativeTarget "guessTheRectTests" */;
			buildPhases = (
				32EF771D19D08636006707A5 /* Sources */,
				32EF771E19D08636006707A5 /* Frameworks */,
				32EF771F19D08636006707A5 /* Resources */,
			);
			buildRules = (
			);
			dependencies = (
				32EF772319D08636006707A5 /* PBXTargetDependency */,
			);
			name = guessTheRectTests;
			productName = guessTheRectTests;
			productReference = 32EF772119D08636006707A5 /* guessTheRectTests.xctest */;
			productType = "com.apple.product-type.bundle.unit-test";
		};
/* End PBXNativeTarget section */

/* Begin PBXProject section */
		32EF770419D08636006707A5 /* Project object */ = {
			isa = PBXProject;
			attributes = {
				LastUpgradeCheck = 0610;
				ORGANIZATIONNAME = "Dmitriy Kirakosyan";
				TargetAttributes = {
					32EF770B19D08636006707A5 = {
						CreatedOnToolsVersion = 6.1;
						DevelopmentTeam = Q329V6GPTU;
					};
					32EF772019D08636006707A5 = {
						CreatedOnToolsVersion = 6.1;
						TestTargetID = 32EF770B19D08636006707A5;
					};
				};
			};
			buildConfigurationList = 32EF770719D08636006707A5 /* Build configuration list for PBXProject "guessTheRect" */;
			compatibilityVersion = "Xcode 3.2";
			developmentRegion = English;
			hasScannedForEncodings = 0;
			knownRegions = (
				en,
				Base,
			);
			mainGroup = 32EF770319D08636006707A5;
			productRefGroup = 32EF770D19D08636006707A5 /* Products */;
			projectDirPath = "";
			projectRoot = "";
			targets = (
				32EF770B19D08636006707A5 /* guessTheRect */,
				32EF772019D08636006707A5 /* guessTheRectTests */,
			);
		};
/* End PBXProject section */

/* Begin PBXResourcesBuildPhase section */
		32EF770A19D08636006707A5 /* Resources */ = {
			isa = PBXResourcesBuildPhase;
			buildActionMask = 2147483647;
			files = (
				32EF771719D08636006707A5 /* Main.storyboard in Resources */,
				32FAF1991A2F994A00996152 /* help_3.png in Resources */,
				32FAF1971A2F994A00996152 /* help_1.png in Resources */,
				32C0D2F91A2BB05400460F12 /* 3.json in Resources */,
				3280A6F21A27CB3000BD639D /* ITCKRIST.TTF in Resources */,
				32FAF1981A2F994A00996152 /* help_2.png in Resources */,
				3280A6EF1A27963100BD639D /* restartBtn.png in Resources */,
				32EF771C19D08636006707A5 /* LaunchScreen.xib in Resources */,
				32C0D2FD1A2BB05400460F12 /* 7.json in Resources */,
				32C0D2FB1A2BB05400460F12 /* 5.json in Resources */,
				32C83A891A227BDF0001D3B5 /* TCMI____.TTF in Resources */,
				32C0D2F81A2BB05400460F12 /* 2.json in Resources */,
				32C0D2F71A2BB05400460F12 /* 1.json in Resources */,
				32C83A8C1A227BDF0001D3B5 /* TCCEB.TTF in Resources */,
				32C0D2FA1A2BB05400460F12 /* 4.json in Resources */,
				32C83A8F1A227BDF0001D3B5 /* TCB_____.TTF in Resources */,
				32C83A8D1A227BDF0001D3B5 /* TCCB____.TTF in Resources */,
				32EF771919D08636006707A5 /* Images.xcassets in Resources */,
				32C83A8B1A227BDF0001D3B5 /* TCCM____.TTF in Resources */,
				32C0D2FC1A2BB05400460F12 /* 6.json in Resources */,
				32C83A8E1A227BDF0001D3B5 /* TCBI____.TTF in Resources */,
				32C83A8A1A227BDF0001D3B5 /* TCM_____.TTF in Resources */,
				3280A6F01A27963100BD639D /* backBtn.png in Resources */,
			);
			runOnlyForDeploymentPostprocessing = 0;
		};
		32EF771F19D08636006707A5 /* Resources */ = {
			isa = PBXResourcesBuildPhase;
			buildActionMask = 2147483647;
			files = (
			);
			runOnlyForDeploymentPostprocessing = 0;
		};
/* End PBXResourcesBuildPhase section */

/* Begin PBXSourcesBuildPhase section */
		32EF770819D08636006707A5 /* Sources */ = {
			isa = PBXSourcesBuildPhase;
			buildActionMask = 2147483647;
			files = (
				322318F71A2BCDE6009566CD /* ScoreManager.swift in Sources */,
				3285735F19EE8E5B00A00092 /* PlayerData.swift in Sources */,
				3211F3811A348EA8000E8CE9 /* GameOverController.swift in Sources */,
				32EF773219D143F4006707A5 /* Box.swift in Sources */,
				32DA8D9919E2F8C700D6968F /* Colors.swift in Sources */,
				3285736319EEE22F00A00092 /* InfoPanelView.swift in Sources */,
				3211F3881A349FDF000E8CE9 /* Settings.swift in Sources */,
				3285736519EEEB5300A00092 /* GameBalance.swift in Sources */,
				3211F38A1A349FF7000E8CE9 /* GameOverSettings.swift in Sources */,
				32FAF19E1A2FA4C200996152 /* TutorController.swift in Sources */,
				32FAF19C1A2FA4AF00996152 /* TutorWindow.swift in Sources */,
				32EF771419D08636006707A5 /* ViewController.swift in Sources */,
				3211F3841A348ED2000E8CE9 /* Utils.swift in Sources */,
				32EF771219D08636006707A5 /* AppDelegate.swift in Sources */,
				32C0D2EC1A2BA85800460F12 /* LevelProvider.swift in Sources */,
				32334B7319D9EFA800413DC9 /* MainViewController.swift in Sources */,
				3211F37C1A348B76000E8CE9 /* GameOverWindow.swift in Sources */,
				32C0D2EE1A2BA91300460F12 /* LevelVO.swift in Sources */,
				3211F37F1A348BD7000E8CE9 /* Protocols.swift in Sources */,
			);
			runOnlyForDeploymentPostprocessing = 0;
		};
		32EF771D19D08636006707A5 /* Sources */ = {
			isa = PBXSourcesBuildPhase;
			buildActionMask = 2147483647;
			files = (
				32EF772819D08636006707A5 /* guessTheRectTests.swift in Sources */,
			);
			runOnlyForDeploymentPostprocessing = 0;
		};
/* End PBXSourcesBuildPhase section */

/* Begin PBXTargetDependency section */
		32EF772319D08636006707A5 /* PBXTargetDependency */ = {
			isa = PBXTargetDependency;
			target = 32EF770B19D08636006707A5 /* guessTheRect */;
			targetProxy = 32EF772219D08636006707A5 /* PBXContainerItemProxy */;
		};
/* End PBXTargetDependency section */

/* Begin PBXVariantGroup section */
		32EF771519D08636006707A5 /* Main.storyboard */ = {
			isa = PBXVariantGroup;
			children = (
				32EF771619D08636006707A5 /* Base */,
			);
			name = Main.storyboard;
			sourceTree = "<group>";
		};
		32EF771A19D08636006707A5 /* LaunchScreen.xib */ = {
			isa = PBXVariantGroup;
			children = (
				32EF771B19D08636006707A5 /* Base */,
			);
			name = LaunchScreen.xib;
			sourceTree = "<group>";
		};
/* End PBXVariantGroup section */

/* Begin XCBuildConfiguration section */
		32EF772919D08636006707A5 /* Debug */ = {
			isa = XCBuildConfiguration;
			buildSettings = {
				ALWAYS_SEARCH_USER_PATHS = NO;
				CLANG_CXX_LANGUAGE_STANDARD = "gnu++0x";
				CLANG_CXX_LIBRARY = "libc++";
				CLANG_ENABLE_MODULES = YES;
				CLANG_ENABLE_OBJC_ARC = YES;
				CLANG_WARN_BOOL_CONVERSION = YES;
				CLANG_WARN_CONSTANT_CONVERSION = YES;
				CLANG_WARN_DIRECT_OBJC_ISA_USAGE = YES_ERROR;
				CLANG_WARN_EMPTY_BODY = YES;
				CLANG_WARN_ENUM_CONVERSION = YES;
				CLANG_WARN_INT_CONVERSION = YES;
				CLANG_WARN_OBJC_ROOT_CLASS = YES_ERROR;
				CLANG_WARN_UNREACHABLE_CODE = YES;
				CLANG_WARN__DUPLICATE_METHOD_MATCH = YES;
				CODE_SIGN_IDENTITY = "iPhone Developer: Dmitry Kirakosyan (E4FQGRSSA4)";
				"CODE_SIGN_IDENTITY[sdk=iphoneos*]" = "iPhone Developer: Dmitry Kirakosyan (E4FQGRSSA4)";
				COPY_PHASE_STRIP = NO;
				ENABLE_STRICT_OBJC_MSGSEND = YES;
				GCC_C_LANGUAGE_STANDARD = gnu99;
				GCC_DYNAMIC_NO_PIC = NO;
				GCC_OPTIMIZATION_LEVEL = 0;
				GCC_PREPROCESSOR_DEFINITIONS = (
					"DEBUG=1",
					"$(inherited)",
				);
				GCC_SYMBOLS_PRIVATE_EXTERN = NO;
				GCC_WARN_64_TO_32_BIT_CONVERSION = YES;
				GCC_WARN_ABOUT_RETURN_TYPE = YES_ERROR;
				GCC_WARN_UNDECLARED_SELECTOR = YES;
				GCC_WARN_UNINITIALIZED_AUTOS = YES_AGGRESSIVE;
				GCC_WARN_UNUSED_FUNCTION = YES;
				GCC_WARN_UNUSED_VARIABLE = YES;
				IPHONEOS_DEPLOYMENT_TARGET = 8.0;
				MTL_ENABLE_DEBUG_INFO = YES;
				ONLY_ACTIVE_ARCH = YES;
				PROVISIONING_PROFILE = "da6ff647-7193-48fc-898e-215f4c8e044b";
				SDKROOT = iphoneos;
				SWIFT_OPTIMIZATION_LEVEL = "-Onone";
				TARGETED_DEVICE_FAMILY = "1,2";
			};
			name = Debug;
		};
		32EF772A19D08636006707A5 /* Release */ = {
			isa = XCBuildConfiguration;
			buildSettings = {
				ALWAYS_SEARCH_USER_PATHS = NO;
				CLANG_CXX_LANGUAGE_STANDARD = "gnu++0x";
				CLANG_CXX_LIBRARY = "libc++";
				CLANG_ENABLE_MODULES = YES;
				CLANG_ENABLE_OBJC_ARC = YES;
				CLANG_WARN_BOOL_CONVERSION = YES;
				CLANG_WARN_CONSTANT_CONVERSION = YES;
				CLANG_WARN_DIRECT_OBJC_ISA_USAGE = YES_ERROR;
				CLANG_WARN_EMPTY_BODY = YES;
				CLANG_WARN_ENUM_CONVERSION = YES;
				CLANG_WARN_INT_CONVERSION = YES;
				CLANG_WARN_OBJC_ROOT_CLASS = YES_ERROR;
				CLANG_WARN_UNREACHABLE_CODE = YES;
				CLANG_WARN__DUPLICATE_METHOD_MATCH = YES;
				CODE_SIGN_IDENTITY = "iPhone Developer: Dmitry Kirakosyan (E4FQGRSSA4)";
				"CODE_SIGN_IDENTITY[sdk=iphoneos*]" = "iPhone Developer: Dmitry Kirakosyan (E4FQGRSSA4)";
				COPY_PHASE_STRIP = YES;
				ENABLE_NS_ASSERTIONS = NO;
				ENABLE_STRICT_OBJC_MSGSEND = YES;
				GCC_C_LANGUAGE_STANDARD = gnu99;
				GCC_WARN_64_TO_32_BIT_CONVERSION = YES;
				GCC_WARN_ABOUT_RETURN_TYPE = YES_ERROR;
				GCC_WARN_UNDECLARED_SELECTOR = YES;
				GCC_WARN_UNINITIALIZED_AUTOS = YES_AGGRESSIVE;
				GCC_WARN_UNUSED_FUNCTION = YES;
				GCC_WARN_UNUSED_VARIABLE = YES;
				IPHONEOS_DEPLOYMENT_TARGET = 8.0;
				MTL_ENABLE_DEBUG_INFO = NO;
				PROVISIONING_PROFILE = "da6ff647-7193-48fc-898e-215f4c8e044b";
				SDKROOT = iphoneos;
				TARGETED_DEVICE_FAMILY = "1,2";
				VALIDATE_PRODUCT = YES;
			};
			name = Release;
		};
		32EF772C19D08636006707A5 /* Debug */ = {
			isa = XCBuildConfiguration;
			buildSettings = {
				ASSETCATALOG_COMPILER_APPICON_NAME = AppIcon;
				ASSETCATALOG_COMPILER_LAUNCHIMAGE_NAME = LaunchImage;
				CODE_SIGN_IDENTITY = "iPhone Developer: Dmitry Kirakosyan (E4FQGRSSA4)";
				"CODE_SIGN_IDENTITY[sdk=iphoneos*]" = "iPhone Developer: Dmitry Kirakosyan (E4FQGRSSA4)";
				CODE_SIGN_RESOURCE_RULES_PATH = "$(SDKROOT)/ResourceRules.plist";
				INFOPLIST_FILE = guessTheRect/Info.plist;
				IPHONEOS_DEPLOYMENT_TARGET = 7.1;
				LD_RUNPATH_SEARCH_PATHS = "$(inherited) @executable_path/Frameworks";
				OTHER_LDFLAGS = "";
				PRODUCT_NAME = "$(TARGET_NAME)";
				PROVISIONING_PROFILE = "da6ff647-7193-48fc-898e-215f4c8e044b";
			};
			name = Debug;
		};
		32EF772D19D08636006707A5 /* Release */ = {
			isa = XCBuildConfiguration;
			buildSettings = {
				ASSETCATALOG_COMPILER_APPICON_NAME = AppIcon;
				ASSETCATALOG_COMPILER_LAUNCHIMAGE_NAME = LaunchImage;
				CODE_SIGN_IDENTITY = "iPhone Developer: Dmitry Kirakosyan (E4FQGRSSA4)";
				"CODE_SIGN_IDENTITY[sdk=iphoneos*]" = "iPhone Developer: Dmitry Kirakosyan (E4FQGRSSA4)";
				CODE_SIGN_RESOURCE_RULES_PATH = "$(SDKROOT)/ResourceRules.plist";
				INFOPLIST_FILE = guessTheRect/Info.plist;
				IPHONEOS_DEPLOYMENT_TARGET = 7.1;
				LD_RUNPATH_SEARCH_PATHS = "$(inherited) @executable_path/Frameworks";
				OTHER_LDFLAGS = "";
				PRODUCT_NAME = "$(TARGET_NAME)";
				PROVISIONING_PROFILE = "da6ff647-7193-48fc-898e-215f4c8e044b";
			};
			name = Release;
		};
		32EF772F19D08636006707A5 /* Debug */ = {
			isa = XCBuildConfiguration;
			buildSettings = {
				BUNDLE_LOADER = "$(TEST_HOST)";
				FRAMEWORK_SEARCH_PATHS = (
					"$(SDKROOT)/Developer/Library/Frameworks",
					"$(inherited)",
				);
				GCC_PREPROCESSOR_DEFINITIONS = (
					"DEBUG=1",
					"$(inherited)",
				);
				INFOPLIST_FILE = guessTheRectTests/Info.plist;
				LD_RUNPATH_SEARCH_PATHS = "$(inherited) @executable_path/Frameworks @loader_path/Frameworks";
				PRODUCT_NAME = "$(TARGET_NAME)";
				TEST_HOST = "$(BUILT_PRODUCTS_DIR)/guessTheRect.app/guessTheRect";
			};
			name = Debug;
		};
		32EF773019D08636006707A5 /* Release */ = {
			isa = XCBuildConfiguration;
			buildSettings = {
				BUNDLE_LOADER = "$(TEST_HOST)";
				FRAMEWORK_SEARCH_PATHS = (
					"$(SDKROOT)/Developer/Library/Frameworks",
					"$(inherited)",
				);
				INFOPLIST_FILE = guessTheRectTests/Info.plist;
				LD_RUNPATH_SEARCH_PATHS = "$(inherited) @executable_path/Frameworks @loader_path/Frameworks";
				PRODUCT_NAME = "$(TARGET_NAME)";
				TEST_HOST = "$(BUILT_PRODUCTS_DIR)/guessTheRect.app/guessTheRect";
			};
			name = Release;
		};
/* End XCBuildConfiguration section */

/* Begin XCConfigurationList section */
		32EF770719D08636006707A5 /* Build configuration list for PBXProject "guessTheRect" */ = {
			isa = XCConfigurationList;
			buildConfigurations = (
				32EF772919D08636006707A5 /* Debug */,
				32EF772A19D08636006707A5 /* Release */,
			);
			defaultConfigurationIsVisible = 0;
			defaultConfigurationName = Release;
		};
		32EF772B19D08636006707A5 /* Build configuration list for PBXNativeTarget "guessTheRect" */ = {
			isa = XCConfigurationList;
			buildConfigurations = (
				32EF772C19D08636006707A5 /* Debug */,
				32EF772D19D08636006707A5 /* Release */,
			);
			defaultConfigurationIsVisible = 0;
			defaultConfigurationName = Release;
		};
		32EF772E19D08636006707A5 /* Build configuration list for PBXNativeTarget "guessTheRectTests" */ = {
			isa = XCConfigurationList;
			buildConfigurations = (
				32EF772F19D08636006707A5 /* Debug */,
				32EF773019D08636006707A5 /* Release */,
			);
			defaultConfigurationIsVisible = 0;
			defaultConfigurationName = Release;
		};
/* End XCConfigurationList section */
	};
	rootObject = 32EF770419D08636006707A5 /* Project object */;
}
